{
  "name": "@bruit/component",
  "version": "2.0.4-plop",
  "lockfileVersion": 1,
  "requires": true,
  "dependencies": {
    "@babel/code-frame": {
      "version": "7.5.5",
      "resolved": "https://registry.npmjs.org/@babel/code-frame/-/code-frame-7.5.5.tgz",
      "integrity": "sha512-27d4lZoomVyo51VegxI20xZPuSHusqbQag/ztrBC7wegWoQ1nLREPVSKSW8byhTlzTKyNE4ifaTA6lCp7JjpFw==",
      "dev": true,
      "requires": {
        "@babel/highlight": "^7.0.0"
      }
    },
    "@babel/highlight": {
      "version": "7.5.0",
      "resolved": "https://registry.npmjs.org/@babel/highlight/-/highlight-7.5.0.tgz",
      "integrity": "sha512-7dV4eu9gBxoM0dAnj/BCFDW9LFU0zvTrkq0ugM7pnHEgguOEeOz1so2ZghEdzviYzQEED0r4EAgpsBChKy1TRQ==",
      "dev": true,
      "requires": {
        "chalk": "^2.0.0",
        "esutils": "^2.0.2",
        "js-tokens": "^4.0.0"
      }
    },
    "@bruit/core": {
      "version": "2.0.6-plop",
      "resolved": "https://registry.npmjs.org/@bruit/core/-/core-2.0.6-plop.tgz",
      "integrity": "sha512-nL0JDfoK+5qk2cThbWZC8OIyN0hvzcIEBJF5Ygr4gHotUVttMMSizJTkGv0F6KmubZIM1oUVHXH8rIeMtgUW3A==",
      "requires": {
        "@bruit/types": "0.3.2-2",
        "bowser": "^2.5.2",
        "html2canvas": "^1.0.0-rc.3",
        "lz-string": "^1.4.4"
      }
    },
    "@bruit/types": {
      "version": "0.3.2-2",
      "resolved": "https://registry.npmjs.org/@bruit/types/-/types-0.3.2-2.tgz",
      "integrity": "sha512-vznDpJPu9Tvh+U8qV/kLjrBU+j0yZTYMKbJhPnP+0wEg7s4olcB2SQP21JRqYTwwEJdOP1VVmlvxDGY7irheOA==",
      "requires": {
        "@firebase/app-types": "^0.3.2",
        "@firebase/firestore-types": "^0.7.0"
      }
    },
    "@firebase/app-types": {
      "version": "0.3.10",
      "resolved": "https://registry.npmjs.org/@firebase/app-types/-/app-types-0.3.10.tgz",
      "integrity": "sha512-l+5BJtSQopalBXiY/YuSaB9KF9PnDj37FLV0Sx3qJjh5B3IthCuZbPc1Vpbbbee/QZgudl0G212BBsUMGHP+fQ=="
    },
    "@firebase/firestore-types": {
      "version": "0.7.0",
      "resolved": "https://registry.npmjs.org/@firebase/firestore-types/-/firestore-types-0.7.0.tgz",
      "integrity": "sha512-jyKRcKnSh3CSEPL4xGOZNoOXEiv7YmFK/JEcdd/4cAH17/Xo+Pk67gk1E648LRKh6QPghgNvzNTY5R10mKbQNw=="
    },
    "@stencil/core": {
      "version": "1.1.7",
      "resolved": "https://registry.npmjs.org/@stencil/core/-/core-1.1.7.tgz",
      "integrity": "sha512-xqPHMe2kYMJHV2MKhQTVZoD7nHnPWaEUCRgDFXYBgvknvH7e1NuZ+kaLZ3/n93GK8L8yxbe1cqEM8zfCSEtTBw==",
      "dev": true,
      "requires": {
        "typescript": "3.5.2"
      }
    },
    "@stencil/sass": {
      "version": "1.0.1",
      "resolved": "https://registry.npmjs.org/@stencil/sass/-/sass-1.0.1.tgz",
      "integrity": "sha512-3vmF8zir9FcVY/tYW0/V/pWrYSU684eASmALL2v29PGJvX6/CXh9n8LF7Jy95SpJPij3lisIUXLls7edXy2hYg==",
      "dev": true
    },
    "argparse": {
      "version": "1.0.10",
      "resolved": "https://registry.npmjs.org/argparse/-/argparse-1.0.10.tgz",
      "integrity": "sha512-o5Roy6tNG4SL/FOkCAN6RzjiakZS25RLYFrcMttJqbdd8BWrnA+fGz57iN5Pb06pvBGvl5gQ0B48dJlslXvoTg==",
      "dev": true,
      "requires": {
        "sprintf-js": "~1.0.2"
      }
    },
    "balanced-match": {
      "version": "1.0.0",
      "resolved": "https://registry.npmjs.org/balanced-match/-/balanced-match-1.0.0.tgz",
      "integrity": "sha1-ibTRmasr7kneFk6gK4nORi1xt2c=",
      "dev": true
    },
    "base64-arraybuffer": {
      "version": "0.2.0",
      "resolved": "https://registry.npmjs.org/base64-arraybuffer/-/base64-arraybuffer-0.2.0.tgz",
      "integrity": "sha512-7emyCsu1/xiBXgQZrscw/8KPRT44I4Yq9Pe6EGs3aPRTsWuggML1/1DTuZUuIaJPIm1FTDUVXl4x/yW8s0kQDQ=="
    },
    "bowser": {
      "version": "2.5.2",
      "resolved": "https://registry.npmjs.org/bowser/-/bowser-2.5.2.tgz",
      "integrity": "sha512-82oFIAwiSzvw7wwMjg7fXOBq0ZXHXcH+vo9Ul6xleXmBvdlCvctrcFGJXCmckWXj2Qsspkhr1lIrRwK30oibRA=="
    },
    "brace-expansion": {
      "version": "1.1.11",
      "resolved": "https://registry.npmjs.org/brace-expansion/-/brace-expansion-1.1.11.tgz",
      "integrity": "sha512-iCuPHDFgrHX7H2vEI/5xpz07zSHB00TpugqhmYtVmMO6518mCuRMoOYFldEBl0g187ufozdaHgWKcYFb61qGiA==",
      "dev": true,
      "requires": {
        "balanced-match": "^1.0.0",
        "concat-map": "0.0.1"
      }
    },
    "builtin-modules": {
      "version": "1.1.1",
      "resolved": "https://registry.npmjs.org/builtin-modules/-/builtin-modules-1.1.1.tgz",
      "integrity": "sha1-Jw8HbFpywC9bZaR9+Uxf46J4iS8=",
      "dev": true
    },
    "chalk": {
      "version": "2.4.2",
      "resolved": "https://registry.npmjs.org/chalk/-/chalk-2.4.2.tgz",
      "integrity": "sha512-Mti+f9lpJNcwF4tWV8/OrTTtF1gZi+f8FqlyAdouralcFWFQWF2+NgCHShjkCb+IFBLq9buZwE1xckQU4peSuQ==",
      "dev": true,
      "requires": {
        "ansi-styles": "^3.2.1",
        "escape-string-regexp": "^1.0.5",
        "supports-color": "^5.3.0"
      },
      "dependencies": {
        "ansi-styles": {
          "version": "3.2.1",
          "resolved": "https://registry.npmjs.org/ansi-styles/-/ansi-styles-3.2.1.tgz",
          "integrity": "sha512-VT0ZI6kZRdTh8YyJw3SMbYm/u+NqfsAxEpWO0Pf9sq8/e94WxxOpPKx9FR1FlyCtOVDNOQ+8ntlqFxiRc+r5qA==",
          "dev": true,
          "requires": {
            "color-convert": "^1.9.0"
          }
        },
        "supports-color": {
          "version": "5.5.0",
          "resolved": "https://registry.npmjs.org/supports-color/-/supports-color-5.5.0.tgz",
          "integrity": "sha512-QjVjwdXIt408MIiAqCX4oUKsgU2EqAGzs2Ppkm4aQYbjm+ZEWEcW4SfFNTr4uMNZma0ey4f5lgLrkB0aX0QMow==",
          "dev": true,
          "requires": {
            "has-flag": "^3.0.0"
          }
        }
      }
    },
    "color-convert": {
      "version": "1.9.3",
      "resolved": "https://registry.npmjs.org/color-convert/-/color-convert-1.9.3.tgz",
      "integrity": "sha512-QfAUtd+vFdAtFQcC8CCyYt1fYWxSqAiK2cSD6zDB8N3cpsEBAvRxp9zOGg6G/SHHJYAT88/az/IuDGALsNVbGg==",
      "dev": true,
      "requires": {
        "color-name": "1.1.3"
      }
    },
    "color-name": {
      "version": "1.1.3",
      "resolved": "https://registry.npmjs.org/color-name/-/color-name-1.1.3.tgz",
      "integrity": "sha1-p9BVi9icQveV3UIyj3QIMcpTvCU=",
      "dev": true
    },
    "commander": {
      "version": "2.20.0",
      "resolved": "https://registry.npmjs.org/commander/-/commander-2.20.0.tgz",
      "integrity": "sha512-7j2y+40w61zy6YC2iRNpUe/NwhNyoXrYpHMrSunaMG64nRnaf96zO/KMQR4OyN/UnE5KLyEBnKHd4aG3rskjpQ==",
      "dev": true
    },
    "concat-map": {
      "version": "0.0.1",
      "resolved": "https://registry.npmjs.org/concat-map/-/concat-map-0.0.1.tgz",
      "integrity": "sha1-2Klr13/Wjfd5OnMDajug1UBdR3s=",
      "dev": true
    },
    "css-line-break": {
      "version": "1.1.1",
      "resolved": "https://registry.npmjs.org/css-line-break/-/css-line-break-1.1.1.tgz",
      "integrity": "sha512-1feNVaM4Fyzdj4mKPIQNL2n70MmuYzAXZ1aytlROFX1JsOo070OsugwGjj7nl6jnDJWHDM8zRZswkmeYVWZJQA==",
      "requires": {
        "base64-arraybuffer": "^0.2.0"
      }
    },
    "diff": {
      "version": "3.5.0",
      "resolved": "https://registry.npmjs.org/diff/-/diff-3.5.0.tgz",
      "integrity": "sha512-A46qtFgd+g7pDZinpnwiRJtxbC1hpgf0uzP3iG89scHk0AUC7A1TGxf5OiiOUv/JMZR8GOt8hL900hV0bOy5xA==",
      "dev": true
    },
    "edit-json-file": {
      "version": "1.2.1",
      "resolved": "https://registry.npmjs.org/edit-json-file/-/edit-json-file-1.2.1.tgz",
      "integrity": "sha512-/azxdkmsXKfR5AbrNmj2E5rUg+RZk1NHeBk/GaGBeEEwldNS8UzD8Enq9+qkMXnslmZr2iZEFpvrKHeSmxMCAw==",
      "dev": true,
      "requires": {
        "find-value": "^1.0.3",
        "iterate-object": "^1.3.2",
        "r-json": "^1.2.5",
        "set-value": "^0.4.0",
        "w-json": "^1.3.5"
      },
      "dependencies": {
        "extend-shallow": {
          "version": "2.0.1",
          "resolved": "https://registry.npmjs.org/extend-shallow/-/extend-shallow-2.0.1.tgz",
          "integrity": "sha1-Ua99YUrZqfYQ6huvu5idaxxWiQ8=",
          "dev": true,
          "requires": {
            "is-extendable": "^0.1.0"
          }
        },
        "set-value": {
          "version": "0.4.3",
          "resolved": "https://registry.npmjs.org/set-value/-/set-value-0.4.3.tgz",
          "integrity": "sha1-fbCPnT0i3H945Trzw79GZuzfzPE=",
          "dev": true,
          "requires": {
            "extend-shallow": "^2.0.1",
            "is-extendable": "^0.1.1",
            "is-plain-object": "^2.0.1",
            "to-object-path": "^0.3.0"
          }
        }
      }
    },
    "escape-string-regexp": {
      "version": "1.0.5",
      "resolved": "https://registry.npmjs.org/escape-string-regexp/-/escape-string-regexp-1.0.5.tgz",
      "integrity": "sha1-G2HAViGQqN/2rjuyzwIAyhMLhtQ=",
      "dev": true
    },
    "esprima": {
      "version": "4.0.1",
      "resolved": "https://registry.npmjs.org/esprima/-/esprima-4.0.1.tgz",
      "integrity": "sha512-eGuFFw7Upda+g4p+QHvnW0RyTX/SVeJBDM/gCtMARO0cLuT2HcEKnTPvhjV6aGeqrCB/sbNop0Kszm0jsaWU4A==",
      "dev": true
    },
    "esutils": {
      "version": "2.0.2",
      "resolved": "https://registry.npmjs.org/esutils/-/esutils-2.0.2.tgz",
      "integrity": "sha1-Cr9PHKpbyx96nYrMbepPqqBLrJs=",
      "dev": true
    },
    "find-value": {
      "version": "1.0.11",
      "resolved": "https://registry.npmjs.org/find-value/-/find-value-1.0.11.tgz",
      "integrity": "sha512-ECGsf/85PJgK/kOv6q1/MA1pawuBvQi12td/7MQHakfE7/P2jFgUeo0BL1dbAF97DPOTrtsrFBHkwBnPMWZiKg==",
      "dev": true
    },
    "fs.realpath": {
      "version": "1.0.0",
      "resolved": "https://registry.npmjs.org/fs.realpath/-/fs.realpath-1.0.0.tgz",
      "integrity": "sha1-FQStJSMVjKpA20onh8sBQRmU6k8=",
      "dev": true
    },
    "glob": {
      "version": "7.1.4",
      "resolved": "https://registry.npmjs.org/glob/-/glob-7.1.4.tgz",
      "integrity": "sha512-hkLPepehmnKk41pUGm3sYxoFs/umurYfYJCerbXEyFIWcAzvpipAgVkBqqT9RBKMGjnq6kMuyYwha6csxbiM1A==",
      "dev": true,
      "requires": {
        "fs.realpath": "^1.0.0",
        "inflight": "^1.0.4",
        "inherits": "2",
        "minimatch": "^3.0.4",
        "once": "^1.3.0",
        "path-is-absolute": "^1.0.0"
      }
    },
    "has-flag": {
      "version": "3.0.0",
      "resolved": "https://registry.npmjs.org/has-flag/-/has-flag-3.0.0.tgz",
      "integrity": "sha1-tdRU3CGZriJWmfNGfloH87lVuv0=",
      "dev": true
    },
    "html2canvas": {
      "version": "1.0.0-rc.3",
      "resolved": "https://registry.npmjs.org/html2canvas/-/html2canvas-1.0.0-rc.3.tgz",
      "integrity": "sha512-nWRk34IO3QopcDYpiPAbRW6VoI10H7uxEhcSFjox0JB6wZOMd6Mak+NqHPLljSFFEOvBjPafyRgcHnuWcFpWvg==",
      "requires": {
        "css-line-break": "1.1.1"
      }
    },
    "inflight": {
      "version": "1.0.6",
      "resolved": "https://registry.npmjs.org/inflight/-/inflight-1.0.6.tgz",
      "integrity": "sha1-Sb1jMdfQLQwJvJEKEHW6gWW1bfk=",
      "dev": true,
      "requires": {
        "once": "^1.3.0",
        "wrappy": "1"
      }
    },
    "inherits": {
      "version": "2.0.4",
      "resolved": "https://registry.npmjs.org/inherits/-/inherits-2.0.4.tgz",
      "integrity": "sha512-k/vGaX4/Yla3WzyMCvTQOXYeIHvqOKtnqBduzTHpzpQZzAskKMhZ2K+EnBiSM9zGSoIFeMpXKxa4dYeZIQqewQ==",
      "dev": true
    },
    "is-buffer": {
      "version": "1.1.6",
      "resolved": "https://registry.npmjs.org/is-buffer/-/is-buffer-1.1.6.tgz",
      "integrity": "sha512-NcdALwpXkTm5Zvvbk7owOUSvVvBKDgKP5/ewfXEznmQFfs4ZRmanOeKBTjRVjka3QFoN6XJ+9F3USqfHqTaU5w==",
      "dev": true
    },
    "is-extendable": {
      "version": "0.1.1",
      "resolved": "https://registry.npmjs.org/is-extendable/-/is-extendable-0.1.1.tgz",
      "integrity": "sha1-YrEQ4omkcUGOPsNqYX1HLjAd/Ik=",
      "dev": true
    },
    "is-plain-object": {
      "version": "2.0.4",
      "resolved": "https://registry.npmjs.org/is-plain-object/-/is-plain-object-2.0.4.tgz",
      "integrity": "sha512-h5PpgXkWitc38BBMYawTYMWJHFZJVnBquFE57xFpjB8pJFiF6gZ+bU+WyI/yqXiFR5mdLsgYNaPe8uao6Uv9Og==",
      "dev": true,
      "requires": {
        "isobject": "^3.0.1"
      }
    },
    "isobject": {
      "version": "3.0.1",
      "resolved": "https://registry.npmjs.org/isobject/-/isobject-3.0.1.tgz",
      "integrity": "sha1-TkMekrEalzFjaqH5yNHMvP2reN8=",
      "dev": true
    },
    "iterate-object": {
      "version": "1.3.3",
      "resolved": "https://registry.npmjs.org/iterate-object/-/iterate-object-1.3.3.tgz",
      "integrity": "sha512-DximWbkke36cnrSfNJv6bgcB2QOMV9PRD2FiowwzCoMsh8RupFLdbNIzWe+cVDWT+NIMNJgGlB1dGxP6kpzGtA==",
      "dev": true
    },
    "js-tokens": {
      "version": "4.0.0",
      "resolved": "https://registry.npmjs.org/js-tokens/-/js-tokens-4.0.0.tgz",
      "integrity": "sha512-RdJUflcE3cUzKiMqQgsCu06FPu9UdIJO0beYbPhHN4k6apgJtifcoCtT9bcxOpYBtpD2kCM6Sbzg4CausW/PKQ==",
      "dev": true
    },
    "js-yaml": {
      "version": "3.13.1",
      "resolved": "https://registry.npmjs.org/js-yaml/-/js-yaml-3.13.1.tgz",
      "integrity": "sha512-YfbcO7jXDdyj0DGxYVSlSeQNHbD7XPWvrVWeVUujrQEoZzWJIRrCPoyk6kL6IAjAG2IolMK4T0hNUe0HOUs5Jw==",
      "dev": true,
      "requires": {
        "argparse": "^1.0.7",
        "esprima": "^4.0.0"
      }
    },
    "lz-string": {
      "version": "1.4.4",
      "resolved": "https://registry.npmjs.org/lz-string/-/lz-string-1.4.4.tgz",
      "integrity": "sha1-wNjq82BZ9wV5bh40SBHPTEmNOiY="
    },
    "minimatch": {
      "version": "3.0.4",
      "resolved": "https://registry.npmjs.org/minimatch/-/minimatch-3.0.4.tgz",
      "integrity": "sha512-yJHVQEhyqPLUTgt9B83PXu6W3rx4MvvHvSUvToogpwoGDOUQ+yDrR0HRot+yOCdCO7u4hX3pWft6kWBBcqh0UA==",
      "dev": true,
      "requires": {
        "brace-expansion": "^1.1.7"
      }
    },
    "minimist": {
      "version": "0.0.8",
      "resolved": "https://registry.npmjs.org/minimist/-/minimist-0.0.8.tgz",
      "integrity": "sha1-hX/Kv8M5fSYluCKCYuhqp6ARsF0=",
      "dev": true
    },
    "mkdirp": {
      "version": "0.5.1",
      "resolved": "http://registry.npmjs.org/mkdirp/-/mkdirp-0.5.1.tgz",
      "integrity": "sha1-MAV0OOrGz3+MR2fzhkjWaX11yQM=",
      "dev": true,
      "requires": {
        "minimist": "0.0.8"
      }
    },
    "once": {
      "version": "1.4.0",
      "resolved": "https://registry.npmjs.org/once/-/once-1.4.0.tgz",
      "integrity": "sha1-WDsap3WWHUsROsF9nFC6753Xa9E=",
      "dev": true,
      "requires": {
        "wrappy": "1"
      }
    },
    "path-is-absolute": {
      "version": "1.0.1",
      "resolved": "http://registry.npmjs.org/path-is-absolute/-/path-is-absolute-1.0.1.tgz",
      "integrity": "sha1-F0uSaHNVNP+8es5r9TpanhtcX18=",
      "dev": true
    },
    "path-parse": {
      "version": "1.0.6",
      "resolved": "https://registry.npmjs.org/path-parse/-/path-parse-1.0.6.tgz",
      "integrity": "sha512-GSmOT2EbHrINBf9SR7CDELwlJ8AENk3Qn7OikK4nFYAu3Ote2+JYNVvkpAEQm3/TLNEJFD/xZJjzyxg3KBWOzw==",
      "dev": true
    },
    "r-json": {
      "version": "1.2.9",
      "resolved": "https://registry.npmjs.org/r-json/-/r-json-1.2.9.tgz",
      "integrity": "sha512-E5u25XBE7PpZmH5XwtthAmNvSLMTygDQMpcPtCTUBdvwPaqgIYJrxlRQJhG55Sgz7uC0Tuyh5nqNrsDT3uiefA==",
      "dev": true
    },
    "resolve": {
      "version": "1.11.1",
      "resolved": "https://registry.npmjs.org/resolve/-/resolve-1.11.1.tgz",
      "integrity": "sha512-vIpgF6wfuJOZI7KKKSP+HmiKggadPQAdsp5HiC1mvqnfp0gF1vdwgBWZIdrVft9pgqoMFQN+R7BSWZiBxx+BBw==",
      "dev": true,
      "requires": {
        "path-parse": "^1.0.6"
      }
    },
    "semver": {
      "version": "5.7.0",
      "resolved": "https://registry.npmjs.org/semver/-/semver-5.7.0.tgz",
      "integrity": "sha512-Ya52jSX2u7QKghxeoFGpLwCtGlt7j0oY9DYb5apt9nPlJ42ID+ulTXESnt/qAQcoSERyZ5sl3LDIOw0nAn/5DA==",
      "dev": true
    },
    "sprintf-js": {
      "version": "1.0.3",
      "resolved": "https://registry.npmjs.org/sprintf-js/-/sprintf-js-1.0.3.tgz",
      "integrity": "sha1-BOaSb2YolTVPPdAVIDYzuFcpfiw=",
      "dev": true
    },
    "to-object-path": {
      "version": "0.3.0",
      "resolved": "https://registry.npmjs.org/to-object-path/-/to-object-path-0.3.0.tgz",
      "integrity": "sha1-KXWIt7Dn4KwI4E5nL4XB9JmeF68=",
      "dev": true,
      "requires": {
        "kind-of": "^3.0.2"
      },
      "dependencies": {
        "kind-of": {
          "version": "3.2.2",
          "resolved": "https://registry.npmjs.org/kind-of/-/kind-of-3.2.2.tgz",
          "integrity": "sha1-MeohpzS6ubuw8yRm2JOupR5KPGQ=",
          "dev": true,
          "requires": {
            "is-buffer": "^1.1.5"
          }
        }
      }
    },
    "tslib": {
      "version": "1.10.0",
      "resolved": "https://registry.npmjs.org/tslib/-/tslib-1.10.0.tgz",
      "integrity": "sha512-qOebF53frne81cf0S9B41ByenJ3/IuH8yJKngAX35CmiZySA0khhkovshKK+jGCaMnVomla7gVlIcc3EvKPbTQ==",
      "dev": true
    },
    "tslint": {
      "version": "5.18.0",
      "resolved": "https://registry.npmjs.org/tslint/-/tslint-5.18.0.tgz",
      "integrity": "sha512-Q3kXkuDEijQ37nXZZLKErssQVnwCV/+23gFEMROi8IlbaBG6tXqLPQJ5Wjcyt/yHPKBC+hD5SzuGaMora+ZS6w==",
      "dev": true,
      "requires": {
        "@babel/code-frame": "^7.0.0",
        "builtin-modules": "^1.1.1",
        "chalk": "^2.3.0",
        "commander": "^2.12.1",
        "diff": "^3.2.0",
        "glob": "^7.1.1",
        "js-yaml": "^3.13.1",
        "minimatch": "^3.0.4",
        "mkdirp": "^0.5.1",
        "resolve": "^1.3.2",
        "semver": "^5.3.0",
        "tslib": "^1.8.0",
        "tsutils": "^2.29.0"
      }
    },
    "tsutils": {
      "version": "2.29.0",
      "resolved": "https://registry.npmjs.org/tsutils/-/tsutils-2.29.0.tgz",
      "integrity": "sha512-g5JVHCIJwzfISaXpXE1qvNalca5Jwob6FjI4AoPlqMusJ6ftFE7IkkFoMhVLRgK+4Kx3gkzb8UZK5t5yTTvEmA==",
      "dev": true,
      "requires": {
        "tslib": "^1.8.1"
      }
    },
    "typescript": {
      "version": "3.5.2",
      "resolved": "https://registry.npmjs.org/typescript/-/typescript-3.5.2.tgz",
      "integrity": "sha512-7KxJovlYhTX5RaRbUdkAXN1KUZ8PwWlTzQdHV6xNqvuFOs7+WBo10TQUqT19Q/Jz2hk5v9TQDIhyLhhJY4p5AA==",
      "dev": true
    },
    "w-json": {
      "version": "1.3.9",
      "resolved": "https://registry.npmjs.org/w-json/-/w-json-1.3.9.tgz",
      "integrity": "sha512-9hvWhnNZ5J3ypOJt2LzmAQBl1NrQBZED/E8MwkZQ+lGTq51hyR9zeH0dgaJzLfzOVoTbxe/yPqL10c5WVsHvbg==",
      "dev": true
    },
    "wrappy": {
      "version": "1.0.2",
      "resolved": "https://registry.npmjs.org/wrappy/-/wrappy-1.0.2.tgz",
      "integrity": "sha1-tSQ9jz7BqjXxNkYFvA0QNuMKtp8=",
      "dev": true
    }
  }
}
