{
  "name": "@bruit/component",
  "version": "1.3.9",
  "lockfileVersion": 1,
  "requires": true,
  "dependencies": {
    "@bruit/types": {
      "version": "1.3.1",
      "resolved": "https://registry.npmjs.org/@bruit/types/-/types-1.3.1.tgz",
      "integrity": "sha512-weEjH8+juJg5Bm0DFy3RFBFDkfoi7hrkiz4ozsgSF0XcF/ZGCWKIboLPq3sM/1ckmmqWt7ic7uFbXmAmVa9Zng==",
      "requires": {
        "@firebase/app-types": "0.3.2",
        "@firebase/firestore-types": "0.7.0"
      }
    },
    "@firebase/app-types": {
      "version": "0.3.2",
      "resolved": "https://registry.npmjs.org/@firebase/app-types/-/app-types-0.3.2.tgz",
      "integrity": "sha512-ZD8lTgW07NGgo75bTyBJA8Lt9+NweNzot7lrsBtIvfciwUzaFJLsv2EShqjBeuhF7RpG6YFucJ6m67w5buCtzw=="
    },
    "@firebase/firestore-types": {
      "version": "0.7.0",
      "resolved": "https://registry.npmjs.org/@firebase/firestore-types/-/firestore-types-0.7.0.tgz",
      "integrity": "sha512-jyKRcKnSh3CSEPL4xGOZNoOXEiv7YmFK/JEcdd/4cAH17/Xo+Pk67gk1E648LRKh6QPghgNvzNTY5R10mKbQNw=="
    },
    "@stencil/core": {
      "version": "1.8.2",
      "resolved": "https://registry.npmjs.org/@stencil/core/-/core-1.8.2.tgz",
      "integrity": "sha512-HWzJRvHUa0nhzniPCrZ0zBi1YrJ/THPgmD6+8Ue4WYFr2zrEfQsAQkjBHamrKd4fPl2rdW10ga1ZfGDhZqJ1Vg==",
      "dev": true,
      "requires": {
        "typescript": "3.7.2"
      }
    },
    "@stencil/sass": {
      "version": "1.1.1",
      "resolved": "https://registry.npmjs.org/@stencil/sass/-/sass-1.1.1.tgz",
      "integrity": "sha512-Nny3JiFkpQa0RdXWCa4pzhKQYnHuDNzC9c4w35FcaZHXBVuZ1UHSHc7wI7By9SS1auYcySqpPOBVzgoCqXcYVQ==",
      "dev": true
    },
    "@types/color-name": {
      "version": "1.1.1",
      "resolved": "https://registry.npmjs.org/@types/color-name/-/color-name-1.1.1.tgz",
      "integrity": "sha512-rr+OQyAjxze7GgWrSaJwydHStIhHq2lvY3BOC2Mj7KnzI7XK0Uw1TOOdI9lDoajEbSWLiYgoo4f1R51erQfhPQ==",
      "dev": true
    },
    "ansi-styles": {
      "version": "4.2.0",
      "resolved": "https://registry.npmjs.org/ansi-styles/-/ansi-styles-4.2.0.tgz",
      "integrity": "sha512-7kFQgnEaMdRtwf6uSfUnVr9gSGC7faurn+J/Mv90/W+iTtN0405/nLdopfMWwchyxhbGYl6TC4Sccn9TUkGAgg==",
      "dev": true,
      "requires": {
        "@types/color-name": "^1.1.1",
        "color-convert": "^2.0.1"
      }
    },
    "base64-arraybuffer": {
      "version": "0.2.0",
      "resolved": "https://registry.npmjs.org/base64-arraybuffer/-/base64-arraybuffer-0.2.0.tgz",
      "integrity": "sha512-7emyCsu1/xiBXgQZrscw/8KPRT44I4Yq9Pe6EGs3aPRTsWuggML1/1DTuZUuIaJPIm1FTDUVXl4x/yW8s0kQDQ=="
    },
    "bowser": {
      "version": "2.7.0",
      "resolved": "https://registry.npmjs.org/bowser/-/bowser-2.7.0.tgz",
      "integrity": "sha512-aIlMvstvu8x+34KEiOHD3AsBgdrzg6sxALYiukOWhFvGMbQI6TRP/iY0LMhUrHs56aD6P1G0Z7h45PUJaa5m9w=="
    },
    "chalk": {
      "version": "3.0.0",
      "resolved": "https://registry.npmjs.org/chalk/-/chalk-3.0.0.tgz",
      "integrity": "sha512-4D3B6Wf41KOYRFdszmDqMCGq5VV/uMAB273JILmO+3jAlh8X4qDtdtgCR3fxtbLEMzSx22QdhnDcJvu2u1fVwg==",
      "dev": true,
      "requires": {
        "ansi-styles": "^4.1.0",
        "supports-color": "^7.1.0"
      }
    },
    "color-convert": {
      "version": "2.0.1",
      "resolved": "https://registry.npmjs.org/color-convert/-/color-convert-2.0.1.tgz",
      "integrity": "sha512-RRECPsj7iu/xb5oKYcsFHSppFNnsj/52OVTRKb4zP5onXwVF3zVmmToNcOfGC+CRDpfK/U584fMg38ZHCaElKQ==",
      "dev": true,
      "requires": {
        "color-name": "~1.1.4"
      }
    },
    "color-name": {
      "version": "1.1.4",
      "resolved": "https://registry.npmjs.org/color-name/-/color-name-1.1.4.tgz",
      "integrity": "sha512-dOy+3AuW3a2wNbZHIuMZpTcgjGuLU/uBL/ubcZF9OXbDo8ff4O8yVp5Bf0efS8uEoYo5q4Fx7dY9OgQGXgAsQA==",
      "dev": true
    },
    "css-line-break": {
      "version": "1.1.1",
      "resolved": "https://registry.npmjs.org/css-line-break/-/css-line-break-1.1.1.tgz",
      "integrity": "sha512-1feNVaM4Fyzdj4mKPIQNL2n70MmuYzAXZ1aytlROFX1JsOo070OsugwGjj7nl6jnDJWHDM8zRZswkmeYVWZJQA==",
      "requires": {
        "base64-arraybuffer": "^0.2.0"
      }
    },
    "edit-json-file": {
      "version": "1.3.2",
      "resolved": "https://registry.npmjs.org/edit-json-file/-/edit-json-file-1.3.2.tgz",
      "integrity": "sha512-0I7+oa195vpuiO/pOvO0F+ngoFLyU5dn0Zbr56D9lER1lwxq0ZM1jhCtTUqs4lvEPBUopnK9CHszRkfnqNi2Rg==",
      "dev": true,
      "requires": {
        "find-value": "^1.0.3",
        "iterate-object": "^1.3.2",
        "r-json": "^1.2.5",
        "set-value": "^3.0.1",
        "w-json": "^1.3.5"
      }
    },
    "find-value": {
      "version": "1.0.11",
      "resolved": "https://registry.npmjs.org/find-value/-/find-value-1.0.11.tgz",
      "integrity": "sha512-ECGsf/85PJgK/kOv6q1/MA1pawuBvQi12td/7MQHakfE7/P2jFgUeo0BL1dbAF97DPOTrtsrFBHkwBnPMWZiKg==",
      "dev": true
    },
    "has-flag": {
      "version": "4.0.0",
      "resolved": "https://registry.npmjs.org/has-flag/-/has-flag-4.0.0.tgz",
      "integrity": "sha512-EykJT/Q1KjTWctppgIAgfSO0tKVuZUjhgMr17kqTumMl6Afv3EISleU7qZUzoXDFTAHTDC4NOoG/ZxU3EvlMPQ==",
      "dev": true
    },
    "html2canvas": {
      "version": "1.0.0-rc.5",
      "resolved": "https://registry.npmjs.org/html2canvas/-/html2canvas-1.0.0-rc.5.tgz",
      "integrity": "sha512-DtNqPxJNXPoTajs+lVQzGS1SULRI4GQaROeU5R41xH8acffHukxRh/NBVcTBsfCkJSkLq91rih5TpbEwUP9yWA==",
      "requires": {
        "css-line-break": "1.1.1"
      }
    },
    "is-plain-object": {
      "version": "2.0.4",
      "resolved": "https://registry.npmjs.org/is-plain-object/-/is-plain-object-2.0.4.tgz",
      "integrity": "sha512-h5PpgXkWitc38BBMYawTYMWJHFZJVnBquFE57xFpjB8pJFiF6gZ+bU+WyI/yqXiFR5mdLsgYNaPe8uao6Uv9Og==",
      "dev": true,
      "requires": {
        "isobject": "^3.0.1"
      }
    },
    "isobject": {
      "version": "3.0.1",
      "resolved": "https://registry.npmjs.org/isobject/-/isobject-3.0.1.tgz",
      "integrity": "sha1-TkMekrEalzFjaqH5yNHMvP2reN8=",
      "dev": true
    },
    "iterate-object": {
      "version": "1.3.3",
      "resolved": "https://registry.npmjs.org/iterate-object/-/iterate-object-1.3.3.tgz",
      "integrity": "sha512-DximWbkke36cnrSfNJv6bgcB2QOMV9PRD2FiowwzCoMsh8RupFLdbNIzWe+cVDWT+NIMNJgGlB1dGxP6kpzGtA==",
      "dev": true
    },
    "lz-string": {
      "version": "1.4.4",
      "resolved": "https://registry.npmjs.org/lz-string/-/lz-string-1.4.4.tgz",
      "integrity": "sha1-wNjq82BZ9wV5bh40SBHPTEmNOiY="
    },
    "r-json": {
      "version": "1.2.9",
      "resolved": "https://registry.npmjs.org/r-json/-/r-json-1.2.9.tgz",
      "integrity": "sha512-E5u25XBE7PpZmH5XwtthAmNvSLMTygDQMpcPtCTUBdvwPaqgIYJrxlRQJhG55Sgz7uC0Tuyh5nqNrsDT3uiefA==",
      "dev": true
    },
    "set-value": {
      "version": "3.0.1",
      "resolved": "https://registry.npmjs.org/set-value/-/set-value-3.0.1.tgz",
      "integrity": "sha512-w6n3GUPYAWQj4ZyHWzD7K2FnFXHx9OTwJYbWg+6nXjG8sCLfs9DGv+KlqglKIIJx+ks7MlFuwFW2RBPb+8V+xg==",
      "dev": true,
      "requires": {
        "is-plain-object": "^2.0.4"
      }
    },
    "supports-color": {
      "version": "7.1.0",
      "resolved": "https://registry.npmjs.org/supports-color/-/supports-color-7.1.0.tgz",
      "integrity": "sha512-oRSIpR8pxT1Wr2FquTNnGet79b3BWljqOuoW/h4oBhxJ/HUbX5nX6JSruTkvXDCFMwDPvsaTTbvMLKZWSy0R5g==",
      "dev": true,
      "requires": {
        "has-flag": "^4.0.0"
      }
    },
    "typescript": {
      "version": "3.7.2",
      "resolved": "https://registry.npmjs.org/typescript/-/typescript-3.7.2.tgz",
      "integrity": "sha512-ml7V7JfiN2Xwvcer+XAf2csGO1bPBdRbFCkYBczNZggrBZ9c7G3riSUeJmqEU5uOtXNPMhE3n+R4FA/3YOAWOQ==",
      "dev": true
    },
    "w-json": {
      "version": "1.3.9",
      "resolved": "https://registry.npmjs.org/w-json/-/w-json-1.3.9.tgz",
      "integrity": "sha512-9hvWhnNZ5J3ypOJt2LzmAQBl1NrQBZED/E8MwkZQ+lGTq51hyR9zeH0dgaJzLfzOVoTbxe/yPqL10c5WVsHvbg==",
      "dev": true
    }
  }
}
